
Microsoft Visual Studio Solution File, Format Version 12.00
# Visual Studio Version 17
VisualStudioVersion = 17.10.34928.147
MinimumVisualStudioVersion = 10.0.40219.1
Project("{2150E333-8FDC-42A3-9474-1A3956D46DE8}") = "Core", "Core", "{09BD6C1D-3A23-4871-8A60-75D26C72D1B1}"
EndProject
Project("{2150E333-8FDC-42A3-9474-1A3956D46DE8}") = "Insfrastructure", "Insfrastructure", "{72DE4BE8-9487-4ABF-8629-9C154B51A4B9}"
EndProject
Project("{2150E333-8FDC-42A3-9474-1A3956D46DE8}") = "Presentation", "Presentation", "{726CAE47-F171-4B58-B738-FE8316CA842F}"
EndProject
Project("{9A19103F-16F7-4668-BE54-9A1E7A4F7556}") = "ECommerce.Application", "Core\ECommerce.Application\ECommerce.Application.csproj", "{533588BC-F4A6-43DD-9FC5-19452FDD2A27}"
EndProject
Project("{9A19103F-16F7-4668-BE54-9A1E7A4F7556}") = "ECommerce.Domain", "Core\ECommerce.Domain\ECommerce.Domain.csproj", "{03BC6EEE-1FF4-4EF4-8CF2-1558C94F645E}"
EndProject
Project("{9A19103F-16F7-4668-BE54-9A1E7A4F7556}") = "ECommerce.Infrastructure", "Insfrastructure\ECommerce.Infrastructure\ECommerce.Infrastructure.csproj", "{276E3138-13C6-4B7B-B960-F8B2267D635E}"
EndProject
Project("{9A19103F-16F7-4668-BE54-9A1E7A4F7556}") = "ECommerce.Persistance", "Insfrastructure\ECommerce.Persistance\ECommerce.Persistance.csproj", "{CE4DA6F2-B980-4D99-B403-42ADE47F2EC1}"
EndProject
Project("{9A19103F-16F7-4668-BE54-9A1E7A4F7556}") = "ECommerce.Api", "Presentation\ECommerce.Api\ECommerce.Api.csproj", "{D736B837-C265-4C0C-B4DD-1236BF6022AB}"
EndProject
Project("{FAE04EC0-301F-11D3-BF4B-00C04F79EFBC}") = "ECommerce.Mapper", "Core\ECommerce.Mapper\ECommerce.Mapper.csproj", "{F9B00AB3-1F72-41F7-9029-06663EA158D9}"
EndProject
Global
	GlobalSection(SolutionConfigurationPlatforms) = preSolution
		Debug|Any CPU = Debug|Any CPU
		Release|Any CPU = Release|Any CPU
	EndGlobalSection
	GlobalSection(ProjectConfigurationPlatforms) = postSolution
		{533588BC-F4A6-43DD-9FC5-19452FDD2A27}.Debug|Any CPU.ActiveCfg = Debug|Any CPU
		{533588BC-F4A6-43DD-9FC5-19452FDD2A27}.Debug|Any CPU.Build.0 = Debug|Any CPU
		{533588BC-F4A6-43DD-9FC5-19452FDD2A27}.Release|Any CPU.ActiveCfg = Release|Any CPU
		{533588BC-F4A6-43DD-9FC5-19452FDD2A27}.Release|Any CPU.Build.0 = Release|Any CPU
		{03BC6EEE-1FF4-4EF4-8CF2-1558C94F645E}.Debug|Any CPU.ActiveCfg = Debug|Any CPU
		{03BC6EEE-1FF4-4EF4-8CF2-1558C94F645E}.Debug|Any CPU.Build.0 = Debug|Any CPU
		{03BC6EEE-1FF4-4EF4-8CF2-1558C94F645E}.Release|Any CPU.ActiveCfg = Release|Any CPU
		{03BC6EEE-1FF4-4EF4-8CF2-1558C94F645E}.Release|Any CPU.Build.0 = Release|Any CPU
		{276E3138-13C6-4B7B-B960-F8B2267D635E}.Debug|Any CPU.ActiveCfg = Debug|Any CPU
		{276E3138-13C6-4B7B-B960-F8B2267D635E}.Debug|Any CPU.Build.0 = Debug|Any CPU
		{276E3138-13C6-4B7B-B960-F8B2267D635E}.Release|Any CPU.ActiveCfg = Release|Any CPU
		{276E3138-13C6-4B7B-B960-F8B2267D635E}.Release|Any CPU.Build.0 = Release|Any CPU
		{CE4DA6F2-B980-4D99-B403-42ADE47F2EC1}.Debug|Any CPU.ActiveCfg = Debug|Any CPU
		{CE4DA6F2-B980-4D99-B403-42ADE47F2EC1}.Debug|Any CPU.Build.0 = Debug|Any CPU
		{CE4DA6F2-B980-4D99-B403-42ADE47F2EC1}.Release|Any CPU.ActiveCfg = Release|Any CPU
		{CE4DA6F2-B980-4D99-B403-42ADE47F2EC1}.Release|Any CPU.Build.0 = Release|Any CPU
		{D736B837-C265-4C0C-B4DD-1236BF6022AB}.Debug|Any CPU.ActiveCfg = Debug|Any CPU
		{D736B837-C265-4C0C-B4DD-1236BF6022AB}.Debug|Any CPU.Build.0 = Debug|Any CPU
		{D736B837-C265-4C0C-B4DD-1236BF6022AB}.Release|Any CPU.ActiveCfg = Release|Any CPU
		{D736B837-C265-4C0C-B4DD-1236BF6022AB}.Release|Any CPU.Build.0 = Release|Any CPU
		{F9B00AB3-1F72-41F7-9029-06663EA158D9}.Debug|Any CPU.ActiveCfg = Debug|Any CPU
		{F9B00AB3-1F72-41F7-9029-06663EA158D9}.Debug|Any CPU.Build.0 = Debug|Any CPU
		{F9B00AB3-1F72-41F7-9029-06663EA158D9}.Release|Any CPU.ActiveCfg = Release|Any CPU
		{F9B00AB3-1F72-41F7-9029-06663EA158D9}.Release|Any CPU.Build.0 = Release|Any CPU
	EndGlobalSection
	GlobalSection(SolutionProperties) = preSolution
		HideSolutionNode = FALSE
	EndGlobalSection
	GlobalSection(NestedProjects) = preSolution
		{533588BC-F4A6-43DD-9FC5-19452FDD2A27} = {09BD6C1D-3A23-4871-8A60-75D26C72D1B1}
		{03BC6EEE-1FF4-4EF4-8CF2-1558C94F645E} = {09BD6C1D-3A23-4871-8A60-75D26C72D1B1}
		{276E3138-13C6-4B7B-B960-F8B2267D635E} = {72DE4BE8-9487-4ABF-8629-9C154B51A4B9}
		{CE4DA6F2-B980-4D99-B403-42ADE47F2EC1} = {72DE4BE8-9487-4ABF-8629-9C154B51A4B9}
		{D736B837-C265-4C0C-B4DD-1236BF6022AB} = {726CAE47-F171-4B58-B738-FE8316CA842F}
		{F9B00AB3-1F72-41F7-9029-06663EA158D9} = {09BD6C1D-3A23-4871-8A60-75D26C72D1B1}
	EndGlobalSection
	GlobalSection(ExtensibilityGlobals) = postSolution
		SolutionGuid = {64301460-3160-4674-AFAA-0CED4EDBFB46}
	EndGlobalSection
EndGlobal
